Microsoft Visual Studio Solution File, Format Version 12.00
# Visual Studio Version 17
VisualStudioVersion = 17.0.31903.59
MinimumVisualStudioVersion = 10.0.40219.1
Project("{8BC9CEB8-8B4A-11D0-8D11-00A0C91BC942}") = "task1_discount", "src\task1_discount\task1_discount.vcxproj", "{AEA7D5A6-4FB0-476D-9FB0-6B9CDED5BAA6}"
EndProject
Project("{8BC9CEB8-8B4A-11D0-8D11-00A0C91BC942}") = "task2_service_fee", "src\task2_service_fee\task2_service_fee.vcxproj", "{97471E5C-AC8A-43AF-A917-5D134277B47B}"
EndProject
Project("{8BC9CEB8-8B4A-11D0-8D11-00A0C91BC942}") = "task3_menu", "src\task3_menu\task3_menu.vcxproj", "{F18B62E1-3547-4FEF-BF6E-2BE64D8A68A6}"
EndProject
Project("{8BC9CEB8-8B4A-11D0-8D11-00A0C91BC942}") = "task4_order", "src\task4_order\task4_order.vcxproj", "{9881C03C-48E3-41FC-AF80-FA08AD90DE05}"
EndProject
Global
	GlobalSection(SolutionConfigurationPlatforms) = preSolution
		Debug|x64 = Debug|x64
		Release|x64 = Release|x64
	EndGlobalSection
	GlobalSection(ProjectConfigurationPlatforms) = postSolution
		{AEA7D5A6-4FB0-476D-9FB0-6B9CDED5BAA6}.Debug|x64.ActiveCfg = Debug|x64
		{AEA7D5A6-4FB0-476D-9FB0-6B9CDED5BAA6}.Debug|x64.Build.0 = Debug|x64
		{AEA7D5A6-4FB0-476D-9FB0-6B9CDED5BAA6}.Release|x64.ActiveCfg = Release|x64
		{AEA7D5A6-4FB0-476D-9FB0-6B9CDED5BAA6}.Release|x64.Build.0 = Release|x64
		{97471E5C-AC8A-43AF-A917-5D134277B47B}.Debug|x64.ActiveCfg = Debug|x64
		{97471E5C-AC8A-43AF-A917-5D134277B47B}.Debug|x64.Build.0 = Debug|x64
		{97471E5C-AC8A-43AF-A917-5D134277B47B}.Release|x64.ActiveCfg = Release|x64
		{97471E5C-AC8A-43AF-A917-5D134277B47B}.Release|x64.Build.0 = Release|x64
		{F18B62E1-3547-4FEF-BF6E-2BE64D8A68A6}.Debug|x64.ActiveCfg = Debug|x64
		{F18B62E1-3547-4FEF-BF6E-2BE64D8A68A6}.Debug|x64.Build.0 = Debug|x64
		{F18B62E1-3547-4FEF-BF6E-2BE64D8A68A6}.Release|x64.ActiveCfg = Release|x64
		{F18B62E1-3547-4FEF-BF6E-2BE64D8A68A6}.Release|x64.Build.0 = Release|x64
		{9881C03C-48E3-41FC-AF80-FA08AD90DE05}.Debug|x64.ActiveCfg = Debug|x64
		{9881C03C-48E3-41FC-AF80-FA08AD90DE05}.Debug|x64.Build.0 = Debug|x64
		{9881C03C-48E3-41FC-AF80-FA08AD90DE05}.Release|x64.ActiveCfg = Release|x64
		{9881C03C-48E3-41FC-AF80-FA08AD90DE05}.Release|x64.Build.0 = Release|x64
	EndGlobalSection
	GlobalSection(SolutionProperties) = preSolution
		HideSolutionNode = FALSE
	EndGlobalSection
	GlobalSection(ExtensibilityGlobals) = postSolution
		SolutionGuid = {9C4B7E21-5A38-4D6F-B102-8E3A5D7C9F44}
	EndGlobalSection
EndGlobal
